
Microsoft Visual Studio Solution File, Format Version 12.00
# Visual Studio Version 17
VisualStudioVersion = 17.6.33717.318
MinimumVisualStudioVersion = 10.0.40219.1
Project("{FAE04EC0-301F-11D3-BF4B-00C04F79EFBC}") = "TestCirclePawn", "TestCirclePawn\TestCirclePawn.csproj", "{3CCCE533-DDCD-4D54-B997-69BE0ED76385}"
EndProject
Project("{FAE04EC0-301F-11D3-BF4B-00C04F79EFBC}") = "TestCirclePawnWinform", "TestCirclePawnWinform\TestCirclePawnWinform.csproj", "{02F4180B-881D-460C-ABE9-C80BD0C5C12D}"
EndProject
Global
	GlobalSection(SolutionConfigurationPlatforms) = preSolution
		Debug|Any CPU = Debug|Any CPU
		Release|Any CPU = Release|Any CPU
	EndGlobalSection
	GlobalSection(ProjectConfigurationPlatforms) = postSolution
		{3CCCE533-DDCD-4D54-B997-69BE0ED76385}.Debug|Any CPU.ActiveCfg = Debug|Any CPU
		{3CCCE533-DDCD-4D54-B997-69BE0ED76385}.Debug|Any CPU.Build.0 = Debug|Any CPU
		{3CCCE533-DDCD-4D54-B997-69BE0ED76385}.Release|Any CPU.ActiveCfg = Release|Any CPU
		{3CCCE533-DDCD-4D54-B997-69BE0ED76385}.Release|Any CPU.Build.0 = Release|Any CPU
		{02F4180B-881D-460C-ABE9-C80BD0C5C12D}.Debug|Any CPU.ActiveCfg = Debug|Any CPU
		{02F4180B-881D-460C-ABE9-C80BD0C5C12D}.Debug|Any CPU.Build.0 = Debug|Any CPU
		{02F4180B-881D-460C-ABE9-C80BD0C5C12D}.Release|Any CPU.ActiveCfg = Release|Any CPU
		{02F4180B-881D-460C-ABE9-C80BD0C5C12D}.Release|Any CPU.Build.0 = Release|Any CPU
	EndGlobalSection
	GlobalSection(SolutionProperties) = preSolution
		HideSolutionNode = FALSE
	EndGlobalSection
	GlobalSection(ExtensibilityGlobals) = postSolution
		SolutionGuid = {4D2F547D-D540-4653-8D75-C988F298D39F}
	EndGlobalSection
EndGlobal
